// !$*UTF8*$!
{
	archiveVersion = 1;
	classes = {
	};
	objectVersion = 50;
	objects = {

/* Begin PBXBuildFile section */
		3F1F265226845B3B007D9878 /* ViewShowAnimator.swift in Sources */ = {isa = PBXBuildFile; fileRef = 3F1F265126845B3B007D9878 /* ViewShowAnimator.swift */; };
		3F3C5FF726A17F6D0022C43F /* DBManagerModel.swift in Sources */ = {isa = PBXBuildFile; fileRef = 3F3C5FF626A17F6D0022C43F /* DBManagerModel.swift */; };
		3F3C5FFB26A187560022C43F /* OverrideBlockListVC.swift in Sources */ = {isa = PBXBuildFile; fileRef = 3F3C5FF926A187560022C43F /* OverrideBlockListVC.swift */; };
		3F3C5FFC26A187560022C43F /* OverrideBlockListVC.xib in Resources */ = {isa = PBXBuildFile; fileRef = 3F3C5FFA26A187560022C43F /* OverrideBlockListVC.xib */; };
		3F3C5FFE26A1919C0022C43F /* BlockModel.swift in Sources */ = {isa = PBXBuildFile; fileRef = 3F3C5FFD26A1919C0022C43F /* BlockModel.swift */; };
		3F44CFD22679FAAA00122B1B /* AppDelegate.swift in Sources */ = {isa = PBXBuildFile; fileRef = 3F44CFD12679FAAA00122B1B /* AppDelegate.swift */; };
		3F44CFD62679FAAD00122B1B /* Assets.xcassets in Resources */ = {isa = PBXBuildFile; fileRef = 3F44CFD52679FAAD00122B1B /* Assets.xcassets */; };
		3F4C3358269D56AD0016F5E1 /* GeneralSettingModel.swift in Sources */ = {isa = PBXBuildFile; fileRef = 3F4C3357269D56AD0016F5E1 /* GeneralSettingModel.swift */; };
		3F4C335A269DBF350016F5E1 /* General_Setting.swift in Sources */ = {isa = PBXBuildFile; fileRef = 3F4C3359269DBF350016F5E1 /* General_Setting.swift */; };
		3F4DFA3C26835EB30013BA0C /* CustomSetting.storyboard in Resources */ = {isa = PBXBuildFile; fileRef = 3F4DFA3B26835EB30013BA0C /* CustomSetting.storyboard */; };
		3F4DFA3E26835EDF0013BA0C /* CustomSettingController.swift in Sources */ = {isa = PBXBuildFile; fileRef = 3F4DFA3D26835EDF0013BA0C /* CustomSettingController.swift */; };
		3F4E25E026B1541F0029D379 /* FloatingFocusViewC.swift in Sources */ = {isa = PBXBuildFile; fileRef = 3F4E25DF26B1541F0029D379 /* FloatingFocusViewC.swift */; };
		3F5944B72689F8F4008C54A4 /* DBManager.swift in Sources */ = {isa = PBXBuildFile; fileRef = 3F5944B62689F8F4008C54A4 /* DBManager.swift */; };
		3F5944BB2689F970008C54A4 /* Focus.xcdatamodeld in Sources */ = {isa = PBXBuildFile; fileRef = 3F5944B92689F970008C54A4 /* Focus.xcdatamodeld */; };
		3F6D0BD6269818F9002E6711 /* LabelCell.swift in Sources */ = {isa = PBXBuildFile; fileRef = 3F6D0BD5269818F9002E6711 /* LabelCell.swift */; };
		3F6D0BDA26984D5F002E6711 /* ComboBoxCell.swift in Sources */ = {isa = PBXBuildFile; fileRef = 3F6D0BD926984D5F002E6711 /* ComboBoxCell.swift */; };
		3F78DA0926AADAFA000BA6FC /* Color.swift in Sources */ = {isa = PBXBuildFile; fileRef = 3F78DA0826AADAFA000BA6FC /* Color.swift */; };
		3F8A8B00268C53FD007A36DC /* WindowController.swift in Sources */ = {isa = PBXBuildFile; fileRef = 3F8A8AFF268C53FD007A36DC /* WindowController.swift */; };
		3F9111E9268D95A200706B51 /* CheckBoxCell.swift in Sources */ = {isa = PBXBuildFile; fileRef = 3F9111E8268D95A200706B51 /* CheckBoxCell.swift */; };
		3F9111EB268D985900706B51 /* BlockListViewModel.swift in Sources */ = {isa = PBXBuildFile; fileRef = 3F9111EA268D985900706B51 /* BlockListViewModel.swift */; };
		3F9111ED268DB38300706B51 /* TableHeaderView.swift in Sources */ = {isa = PBXBuildFile; fileRef = 3F9111EC268DB38300706B51 /* TableHeaderView.swift */; };
		3F9111EF268DB68700706B51 /* TableHeaderView.xib in Resources */ = {isa = PBXBuildFile; fileRef = 3F9111EE268DB68700706B51 /* TableHeaderView.xib */; };
		3F9111F1268DBD0D00706B51 /* HKNibView.swift in Sources */ = {isa = PBXBuildFile; fileRef = 3F9111F0268DBD0D00706B51 /* HKNibView.swift */; };
		3F9111F3268DD78600706B51 /* ButtonCell.swift in Sources */ = {isa = PBXBuildFile; fileRef = 3F9111F2268DD78500706B51 /* ButtonCell.swift */; };
		3F9CC499268B0CB100AC3026 /* CustomSettingModel.swift in Sources */ = {isa = PBXBuildFile; fileRef = 3F9CC498268B0CB100AC3026 /* CustomSettingModel.swift */; };
		3F9CC49B268B296400AC3026 /* CollapseExpandView.swift in Sources */ = {isa = PBXBuildFile; fileRef = 3F9CC49A268B296400AC3026 /* CollapseExpandView.swift */; };
		3F9CC49D268B2BE800AC3026 /* HeaderView.storyboard in Resources */ = {isa = PBXBuildFile; fileRef = 3F9CC49C268B2BE800AC3026 /* HeaderView.storyboard */; };
		3F9CC4A0268B2C9B00AC3026 /* HeaderViewC.swift in Sources */ = {isa = PBXBuildFile; fileRef = 3F9CC49F268B2C9B00AC3026 /* HeaderViewC.swift */; };
		3F9CC4A3268B3C8F00AC3026 /* GeneralSettingViewC.swift in Sources */ = {isa = PBXBuildFile; fileRef = 3F9CC4A2268B3C8F00AC3026 /* GeneralSettingViewC.swift */; };
		3F9CC4A6268B3D5800AC3026 /* BlockListViewC.swift in Sources */ = {isa = PBXBuildFile; fileRef = 3F9CC4A5268B3D5800AC3026 /* BlockListViewC.swift */; };
		3F9CC4A9268B3DA000AC3026 /* SchedulerViewC.swift in Sources */ = {isa = PBXBuildFile; fileRef = 3F9CC4A8268B3DA000AC3026 /* SchedulerViewC.swift */; };
		3FA51D48267CA9F0007826F3 /* Localizable.strings in Resources */ = {isa = PBXBuildFile; fileRef = 3FA51D47267CA9F0007826F3 /* Localizable.strings */; };
		3FA51D4D267CB720007826F3 /* Main.storyboard in Resources */ = {isa = PBXBuildFile; fileRef = 3FA51D4B267CB720007826F3 /* Main.storyboard */; };
		3FA51D4F267CB74E007826F3 /* MenuController.swift in Sources */ = {isa = PBXBuildFile; fileRef = 3FA51D4E267CB74E007826F3 /* MenuController.swift */; };
		3FC8108026A938D10058D1CF /* FocusDialogueViewC.swift in Sources */ = {isa = PBXBuildFile; fileRef = 3FC8107E26A938D10058D1CF /* FocusDialogueViewC.swift */; };
		3FC8108126A938D10058D1CF /* FocusDialogueViewC.xib in Resources */ = {isa = PBXBuildFile; fileRef = 3FC8107F26A938D10058D1CF /* FocusDialogueViewC.xib */; };
		3FC8108326A939520058D1CF /* FocusDialogueModel .swift in Sources */ = {isa = PBXBuildFile; fileRef = 3FC8108226A939520058D1CF /* FocusDialogueModel .swift */; };
		3FC8108526A939780058D1CF /* FocusDialogueViewModel.swift in Sources */ = {isa = PBXBuildFile; fileRef = 3FC8108426A939780058D1CF /* FocusDialogueViewModel.swift */; };
		3FC8108926A977BD0058D1CF /* DisincentiveViewC.swift in Sources */ = {isa = PBXBuildFile; fileRef = 3FC8108726A977BD0058D1CF /* DisincentiveViewC.swift */; };
		3FC8108A26A977BD0058D1CF /* DisincentiveViewC.xib in Resources */ = {isa = PBXBuildFile; fileRef = 3FC8108826A977BD0058D1CF /* DisincentiveViewC.xib */; };
		3FD0CA5B2681FAC800C9D82D /* MenuViewModel.swift in Sources */ = {isa = PBXBuildFile; fileRef = 3FD0CA5A2681FAC800C9D82D /* MenuViewModel.swift */; };
		3FD0CA5E2681FB6500C9D82D /* ErrorHandler.swift in Sources */ = {isa = PBXBuildFile; fileRef = 3FD0CA5D2681FB6500C9D82D /* ErrorHandler.swift */; };
		3FD0CA612682083200C9D82D /* BaseViewController.swift in Sources */ = {isa = PBXBuildFile; fileRef = 3FD0CA602682083200C9D82D /* BaseViewController.swift */; };
		3FDC9130269EB78F0021D3E3 /* DataController.swift in Sources */ = {isa = PBXBuildFile; fileRef = 3FDC912F269EB78F0021D3E3 /* DataController.swift */; };
		3FDC9132269EC5700021D3E3 /* MenuModel.swift in Sources */ = {isa = PBXBuildFile; fileRef = 3FDC9131269EC5700021D3E3 /* MenuModel.swift */; };
		3FDC9134269F1C330021D3E3 /* Extension.swift in Sources */ = {isa = PBXBuildFile; fileRef = 3FDC9133269F1C330021D3E3 /* Extension.swift */; };
		3FDC9136269F1E850021D3E3 /* Color.xcassets in Resources */ = {isa = PBXBuildFile; fileRef = 3FDC9135269F1E850021D3E3 /* Color.xcassets */; };
		3FFC1E602680C13D0014216C /* WindowsManager.swift in Sources */ = {isa = PBXBuildFile; fileRef = 3FFC1E4C2680C13D0014216C /* WindowsManager.swift */; };
		3FFC1E652680C13D0014216C /* UserDefault.swift in Sources */ = {isa = PBXBuildFile; fileRef = 3FFC1E522680C13D0014216C /* UserDefault.swift */; };
		3FFC1E682680C13D0014216C /* Enums.swift in Sources */ = {isa = PBXBuildFile; fileRef = 3FFC1E552680C13D0014216C /* Enums.swift */; };
		3FFC1E692680C13D0014216C /* Validator.swift in Sources */ = {isa = PBXBuildFile; fileRef = 3FFC1E562680C13D0014216C /* Validator.swift */; };
		3FFC1E6B2680C13D0014216C /* Config.swift in Sources */ = {isa = PBXBuildFile; fileRef = 3FFC1E582680C13D0014216C /* Config.swift */; };
		3FFC1E6D2680C13D0014216C /* Operators.swift in Sources */ = {isa = PBXBuildFile; fileRef = 3FFC1E5A2680C13D0014216C /* Operators.swift */; };
		3FFC1E6E2680C13D0014216C /* Protocols.swift in Sources */ = {isa = PBXBuildFile; fileRef = 3FFC1E5B2680C13D0014216C /* Protocols.swift */; };
		3FFC1E712680C13D0014216C /* CustomButtom.swift in Sources */ = {isa = PBXBuildFile; fileRef = 3FFC1E5F2680C13D0014216C /* CustomButtom.swift */; };
/* End PBXBuildFile section */

/* Begin PBXFileReference section */
		3F1F265126845B3B007D9878 /* ViewShowAnimator.swift */ = {isa = PBXFileReference; lastKnownFileType = sourcecode.swift; path = ViewShowAnimator.swift; sourceTree = "<group>"; };
		3F3C5FF626A17F6D0022C43F /* DBManagerModel.swift */ = {isa = PBXFileReference; lastKnownFileType = sourcecode.swift; path = DBManagerModel.swift; sourceTree = "<group>"; };
		3F3C5FF926A187560022C43F /* OverrideBlockListVC.swift */ = {isa = PBXFileReference; lastKnownFileType = sourcecode.swift; path = OverrideBlockListVC.swift; sourceTree = "<group>"; };
		3F3C5FFA26A187560022C43F /* OverrideBlockListVC.xib */ = {isa = PBXFileReference; lastKnownFileType = file.xib; path = OverrideBlockListVC.xib; sourceTree = "<group>"; };
		3F3C5FFD26A1919C0022C43F /* BlockModel.swift */ = {isa = PBXFileReference; lastKnownFileType = sourcecode.swift; path = BlockModel.swift; sourceTree = "<group>"; };
		3F44CFCE2679FAAA00122B1B /* Focus.app */ = {isa = PBXFileReference; explicitFileType = wrapper.application; includeInIndex = 0; path = Focus.app; sourceTree = BUILT_PRODUCTS_DIR; };
		3F44CFD12679FAAA00122B1B /* AppDelegate.swift */ = {isa = PBXFileReference; lastKnownFileType = sourcecode.swift; path = AppDelegate.swift; sourceTree = "<group>"; };
		3F44CFD52679FAAD00122B1B /* Assets.xcassets */ = {isa = PBXFileReference; lastKnownFileType = folder.assetcatalog; path = Assets.xcassets; sourceTree = "<group>"; };
		3F44CFDA2679FAAD00122B1B /* Info.plist */ = {isa = PBXFileReference; lastKnownFileType = text.plist.xml; path = Info.plist; sourceTree = "<group>"; };
		3F44CFDB2679FAAD00122B1B /* Focus.entitlements */ = {isa = PBXFileReference; lastKnownFileType = text.plist.entitlements; path = Focus.entitlements; sourceTree = "<group>"; };
		3F4C3357269D56AD0016F5E1 /* GeneralSettingModel.swift */ = {isa = PBXFileReference; lastKnownFileType = sourcecode.swift; path = GeneralSettingModel.swift; sourceTree = "<group>"; };
		3F4C3359269DBF350016F5E1 /* General_Setting.swift */ = {isa = PBXFileReference; lastKnownFileType = sourcecode.swift; path = General_Setting.swift; sourceTree = "<group>"; };
		3F4DFA3B26835EB30013BA0C /* CustomSetting.storyboard */ = {isa = PBXFileReference; lastKnownFileType = file.storyboard; path = CustomSetting.storyboard; sourceTree = "<group>"; };
		3F4DFA3D26835EDF0013BA0C /* CustomSettingController.swift */ = {isa = PBXFileReference; lastKnownFileType = sourcecode.swift; path = CustomSettingController.swift; sourceTree = "<group>"; };
		3F4E25DF26B1541F0029D379 /* FloatingFocusViewC.swift */ = {isa = PBXFileReference; lastKnownFileType = sourcecode.swift; path = FloatingFocusViewC.swift; sourceTree = "<group>"; };
		3F5944B62689F8F4008C54A4 /* DBManager.swift */ = {isa = PBXFileReference; lastKnownFileType = sourcecode.swift; path = DBManager.swift; sourceTree = "<group>"; };
		3F5944BA2689F970008C54A4 /* Focus.xcdatamodel */ = {isa = PBXFileReference; lastKnownFileType = wrapper.xcdatamodel; path = Focus.xcdatamodel; sourceTree = "<group>"; };
		3F6D0BD5269818F9002E6711 /* LabelCell.swift */ = {isa = PBXFileReference; lastKnownFileType = sourcecode.swift; path = LabelCell.swift; sourceTree = "<group>"; };
		3F6D0BD926984D5F002E6711 /* ComboBoxCell.swift */ = {isa = PBXFileReference; lastKnownFileType = sourcecode.swift; path = ComboBoxCell.swift; sourceTree = "<group>"; };
		3F78DA0826AADAFA000BA6FC /* Color.swift */ = {isa = PBXFileReference; lastKnownFileType = sourcecode.swift; path = Color.swift; sourceTree = "<group>"; };
		3F8A8AFF268C53FD007A36DC /* WindowController.swift */ = {isa = PBXFileReference; lastKnownFileType = sourcecode.swift; path = WindowController.swift; sourceTree = "<group>"; };
		3F9111E8268D95A200706B51 /* CheckBoxCell.swift */ = {isa = PBXFileReference; fileEncoding = 4; lastKnownFileType = sourcecode.swift; path = CheckBoxCell.swift; sourceTree = "<group>"; };
		3F9111EA268D985900706B51 /* BlockListViewModel.swift */ = {isa = PBXFileReference; lastKnownFileType = sourcecode.swift; path = BlockListViewModel.swift; sourceTree = "<group>"; };
		3F9111EC268DB38300706B51 /* TableHeaderView.swift */ = {isa = PBXFileReference; lastKnownFileType = sourcecode.swift; path = TableHeaderView.swift; sourceTree = "<group>"; };
		3F9111EE268DB68700706B51 /* TableHeaderView.xib */ = {isa = PBXFileReference; lastKnownFileType = file.xib; path = TableHeaderView.xib; sourceTree = "<group>"; };
		3F9111F0268DBD0D00706B51 /* HKNibView.swift */ = {isa = PBXFileReference; lastKnownFileType = sourcecode.swift; path = HKNibView.swift; sourceTree = "<group>"; };
		3F9111F2268DD78500706B51 /* ButtonCell.swift */ = {isa = PBXFileReference; lastKnownFileType = sourcecode.swift; path = ButtonCell.swift; sourceTree = "<group>"; };
		3F9CC498268B0CB100AC3026 /* CustomSettingModel.swift */ = {isa = PBXFileReference; lastKnownFileType = sourcecode.swift; path = CustomSettingModel.swift; sourceTree = "<group>"; };
		3F9CC49A268B296400AC3026 /* CollapseExpandView.swift */ = {isa = PBXFileReference; fileEncoding = 4; lastKnownFileType = sourcecode.swift; path = CollapseExpandView.swift; sourceTree = "<group>"; };
		3F9CC49C268B2BE800AC3026 /* HeaderView.storyboard */ = {isa = PBXFileReference; lastKnownFileType = file.storyboard; path = HeaderView.storyboard; sourceTree = "<group>"; };
		3F9CC49F268B2C9B00AC3026 /* HeaderViewC.swift */ = {isa = PBXFileReference; lastKnownFileType = sourcecode.swift; path = HeaderViewC.swift; sourceTree = "<group>"; };
		3F9CC4A2268B3C8F00AC3026 /* GeneralSettingViewC.swift */ = {isa = PBXFileReference; lastKnownFileType = sourcecode.swift; path = GeneralSettingViewC.swift; sourceTree = "<group>"; };
		3F9CC4A5268B3D5800AC3026 /* BlockListViewC.swift */ = {isa = PBXFileReference; lastKnownFileType = sourcecode.swift; path = BlockListViewC.swift; sourceTree = "<group>"; };
		3F9CC4A8268B3DA000AC3026 /* SchedulerViewC.swift */ = {isa = PBXFileReference; lastKnownFileType = sourcecode.swift; path = SchedulerViewC.swift; sourceTree = "<group>"; };
		3FA51D47267CA9F0007826F3 /* Localizable.strings */ = {isa = PBXFileReference; lastKnownFileType = text.plist.strings; path = Localizable.strings; sourceTree = "<group>"; };
		3FA51D4C267CB720007826F3 /* Base */ = {isa = PBXFileReference; lastKnownFileType = file.storyboard; name = Base; path = Base.lproj/Main.storyboard; sourceTree = "<group>"; };
		3FA51D4E267CB74E007826F3 /* MenuController.swift */ = {isa = PBXFileReference; fileEncoding = 4; lastKnownFileType = sourcecode.swift; path = MenuController.swift; sourceTree = "<group>"; };
		3FC8107E26A938D10058D1CF /* FocusDialogueViewC.swift */ = {isa = PBXFileReference; lastKnownFileType = sourcecode.swift; path = FocusDialogueViewC.swift; sourceTree = "<group>"; };
		3FC8107F26A938D10058D1CF /* FocusDialogueViewC.xib */ = {isa = PBXFileReference; lastKnownFileType = file.xib; path = FocusDialogueViewC.xib; sourceTree = "<group>"; };
		3FC8108226A939520058D1CF /* FocusDialogueModel .swift */ = {isa = PBXFileReference; lastKnownFileType = sourcecode.swift; path = "FocusDialogueModel .swift"; sourceTree = "<group>"; };
		3FC8108426A939780058D1CF /* FocusDialogueViewModel.swift */ = {isa = PBXFileReference; lastKnownFileType = sourcecode.swift; path = FocusDialogueViewModel.swift; sourceTree = "<group>"; };
		3FC8108726A977BD0058D1CF /* DisincentiveViewC.swift */ = {isa = PBXFileReference; lastKnownFileType = sourcecode.swift; path = DisincentiveViewC.swift; sourceTree = "<group>"; };
		3FC8108826A977BD0058D1CF /* DisincentiveViewC.xib */ = {isa = PBXFileReference; lastKnownFileType = file.xib; path = DisincentiveViewC.xib; sourceTree = "<group>"; };
		3FD0CA5A2681FAC800C9D82D /* MenuViewModel.swift */ = {isa = PBXFileReference; lastKnownFileType = sourcecode.swift; path = MenuViewModel.swift; sourceTree = "<group>"; };
		3FD0CA5D2681FB6500C9D82D /* ErrorHandler.swift */ = {isa = PBXFileReference; fileEncoding = 4; lastKnownFileType = sourcecode.swift; path = ErrorHandler.swift; sourceTree = "<group>"; };
		3FD0CA602682083200C9D82D /* BaseViewController.swift */ = {isa = PBXFileReference; lastKnownFileType = sourcecode.swift; path = BaseViewController.swift; sourceTree = "<group>"; };
		3FDC912F269EB78F0021D3E3 /* DataController.swift */ = {isa = PBXFileReference; lastKnownFileType = sourcecode.swift; path = DataController.swift; sourceTree = "<group>"; };
		3FDC9131269EC5700021D3E3 /* MenuModel.swift */ = {isa = PBXFileReference; lastKnownFileType = sourcecode.swift; path = MenuModel.swift; sourceTree = "<group>"; };
		3FDC9133269F1C330021D3E3 /* Extension.swift */ = {isa = PBXFileReference; lastKnownFileType = sourcecode.swift; path = Extension.swift; sourceTree = "<group>"; };
		3FDC9135269F1E850021D3E3 /* Color.xcassets */ = {isa = PBXFileReference; lastKnownFileType = folder.assetcatalog; path = Color.xcassets; sourceTree = "<group>"; };
		3FFC1E4C2680C13D0014216C /* WindowsManager.swift */ = {isa = PBXFileReference; fileEncoding = 4; lastKnownFileType = sourcecode.swift; path = WindowsManager.swift; sourceTree = "<group>"; };
		3FFC1E522680C13D0014216C /* UserDefault.swift */ = {isa = PBXFileReference; fileEncoding = 4; lastKnownFileType = sourcecode.swift; path = UserDefault.swift; sourceTree = "<group>"; };
		3FFC1E552680C13D0014216C /* Enums.swift */ = {isa = PBXFileReference; fileEncoding = 4; lastKnownFileType = sourcecode.swift; path = Enums.swift; sourceTree = "<group>"; };
		3FFC1E562680C13D0014216C /* Validator.swift */ = {isa = PBXFileReference; fileEncoding = 4; lastKnownFileType = sourcecode.swift; path = Validator.swift; sourceTree = "<group>"; };
		3FFC1E582680C13D0014216C /* Config.swift */ = {isa = PBXFileReference; fileEncoding = 4; lastKnownFileType = sourcecode.swift; path = Config.swift; sourceTree = "<group>"; };
		3FFC1E5A2680C13D0014216C /* Operators.swift */ = {isa = PBXFileReference; fileEncoding = 4; lastKnownFileType = sourcecode.swift; path = Operators.swift; sourceTree = "<group>"; };
		3FFC1E5B2680C13D0014216C /* Protocols.swift */ = {isa = PBXFileReference; fileEncoding = 4; lastKnownFileType = sourcecode.swift; path = Protocols.swift; sourceTree = "<group>"; };
		3FFC1E5F2680C13D0014216C /* CustomButtom.swift */ = {isa = PBXFileReference; fileEncoding = 4; lastKnownFileType = sourcecode.swift; path = CustomButtom.swift; sourceTree = "<group>"; };
/* End PBXFileReference section */

/* Begin PBXFrameworksBuildPhase section */
		3F44CFCB2679FAAA00122B1B /* Frameworks */ = {
			isa = PBXFrameworksBuildPhase;
			buildActionMask = 2147483647;
			files = (
			);
			runOnlyForDeploymentPostprocessing = 0;
		};
/* End PBXFrameworksBuildPhase section */

/* Begin PBXGroup section */
		3F1F265026845B06007D9878 /* ControllerAnimation */ = {
			isa = PBXGroup;
			children = (
				3F1F265126845B3B007D9878 /* ViewShowAnimator.swift */,
			);
			path = ControllerAnimation;
			sourceTree = "<group>";
		};
		3F3C5FF826A185C60022C43F /* OverrideBlock */ = {
			isa = PBXGroup;
			children = (
				3F3C5FF926A187560022C43F /* OverrideBlockListVC.swift */,
				3F3C5FFA26A187560022C43F /* OverrideBlockListVC.xib */,
			);
			path = OverrideBlock;
			sourceTree = "<group>";
		};
		3F44CFC52679FAAA00122B1B = {
			isa = PBXGroup;
			children = (
				3F44CFD02679FAAA00122B1B /* Focus */,
				3F44CFCF2679FAAA00122B1B /* Products */,
			);
			sourceTree = "<group>";
		};
		3F44CFCF2679FAAA00122B1B /* Products */ = {
			isa = PBXGroup;
			children = (
				3F44CFCE2679FAAA00122B1B /* Focus.app */,
			);
			name = Products;
			sourceTree = "<group>";
		};
		3F44CFD02679FAAA00122B1B /* Focus */ = {
			isa = PBXGroup;
			children = (
				3FFC1E4A2680C13D0014216C /* Shared */,
				3FA51D49267CB6CE007826F3 /* Controller */,
				3F4DFA3826835DF30013BA0C /* StoryBoard */,
				3FA51D46267CA972007826F3 /* Localizable */,
				3F44CFD12679FAAA00122B1B /* AppDelegate.swift */,
				3F44CFD52679FAAD00122B1B /* Assets.xcassets */,
				3FDC9135269F1E850021D3E3 /* Color.xcassets */,
				3F44CFDA2679FAAD00122B1B /* Info.plist */,
				3F44CFDB2679FAAD00122B1B /* Focus.entitlements */,
			);
			path = Focus;
			sourceTree = "<group>";
		};
		3F4DFA3526835D6F0013BA0C /* Setting */ = {
			isa = PBXGroup;
			children = (
				3F9111E7268D95A200706B51 /* Cell */,
				3F9CC4A7268B3D8800AC3026 /* Scheduler */,
				3F9CC4A4268B3D2800AC3026 /* Block */,
				3F9CC4A1268B3C6F00AC3026 /* General */,
				3F9CC49E268B2C5F00AC3026 /* Header */,
				3F4DFA3D26835EDF0013BA0C /* CustomSettingController.swift */,
				3F9CC498268B0CB100AC3026 /* CustomSettingModel.swift */,
			);
			path = Setting;
			sourceTree = "<group>";
		};
		3F4DFA3826835DF30013BA0C /* StoryBoard */ = {
			isa = PBXGroup;
			children = (
				3FA51D4B267CB720007826F3 /* Main.storyboard */,
				3F4DFA3B26835EB30013BA0C /* CustomSetting.storyboard */,
				3F9CC49C268B2BE800AC3026 /* HeaderView.storyboard */,
			);
			path = StoryBoard;
			sourceTree = "<group>";
		};
		3F4E25DE26B153F60029D379 /* FloatingButton */ = {
			isa = PBXGroup;
			children = (
				3F4E25DF26B1541F0029D379 /* FloatingFocusViewC.swift */,
			);
			path = FloatingButton;
			sourceTree = "<group>";
		};
		3F5944B52689F8E2008C54A4 /* DBManager */ = {
			isa = PBXGroup;
			children = (
				3F3C5FF626A17F6D0022C43F /* DBManagerModel.swift */,
				3F5944B62689F8F4008C54A4 /* DBManager.swift */,
				3FDC912F269EB78F0021D3E3 /* DataController.swift */,
			);
			path = DBManager;
			sourceTree = "<group>";
		};
		3F5944B82689F957008C54A4 /* Database */ = {
			isa = PBXGroup;
			children = (
				3F5944B92689F970008C54A4 /* Focus.xcdatamodeld */,
			);
			path = Database;
			sourceTree = "<group>";
		};
		3F9111E7268D95A200706B51 /* Cell */ = {
			isa = PBXGroup;
			children = (
				3F9111E8268D95A200706B51 /* CheckBoxCell.swift */,
				3F9111EC268DB38300706B51 /* TableHeaderView.swift */,
				3F9111EE268DB68700706B51 /* TableHeaderView.xib */,
				3F9111F2268DD78500706B51 /* ButtonCell.swift */,
				3F6D0BD5269818F9002E6711 /* LabelCell.swift */,
				3F6D0BD926984D5F002E6711 /* ComboBoxCell.swift */,
			);
			path = Cell;
			sourceTree = "<group>";
		};
		3F9CC49E268B2C5F00AC3026 /* Header */ = {
			isa = PBXGroup;
			children = (
				3F9CC49F268B2C9B00AC3026 /* HeaderViewC.swift */,
			);
			path = Header;
			sourceTree = "<group>";
		};
		3F9CC4A1268B3C6F00AC3026 /* General */ = {
			isa = PBXGroup;
			children = (
				3F9CC4A2268B3C8F00AC3026 /* GeneralSettingViewC.swift */,
				3F4C3357269D56AD0016F5E1 /* GeneralSettingModel.swift */,
				3F4C3359269DBF350016F5E1 /* General_Setting.swift */,
			);
			path = General;
			sourceTree = "<group>";
		};
		3F9CC4A4268B3D2800AC3026 /* Block */ = {
			isa = PBXGroup;
			children = (
				3F3C5FF826A185C60022C43F /* OverrideBlock */,
				3F9CC4A5268B3D5800AC3026 /* BlockListViewC.swift */,
				3F9111EA268D985900706B51 /* BlockListViewModel.swift */,
				3F3C5FFD26A1919C0022C43F /* BlockModel.swift */,
			);
			path = Block;
			sourceTree = "<group>";
		};
		3F9CC4A7268B3D8800AC3026 /* Scheduler */ = {
			isa = PBXGroup;
			children = (
				3F9CC4A8268B3DA000AC3026 /* SchedulerViewC.swift */,
			);
			path = Scheduler;
			sourceTree = "<group>";
		};
		3FA51D46267CA972007826F3 /* Localizable */ = {
			isa = PBXGroup;
			children = (
				3FA51D47267CA9F0007826F3 /* Localizable.strings */,
			);
			path = Localizable;
			sourceTree = "<group>";
		};
		3FA51D49267CB6CE007826F3 /* Controller */ = {
			isa = PBXGroup;
			children = (
				3F4E25DE26B153F60029D379 /* FloatingButton */,
				3FC8107D26A9388E0058D1CF /* Dialogue */,
				3F4DFA3526835D6F0013BA0C /* Setting */,
				3FA51D4A267CB6D8007826F3 /* Menu */,
			);
			path = Controller;
			sourceTree = "<group>";
		};
		3FA51D4A267CB6D8007826F3 /* Menu */ = {
			isa = PBXGroup;
			children = (
				3FA51D4E267CB74E007826F3 /* MenuController.swift */,
				3FD0CA5A2681FAC800C9D82D /* MenuViewModel.swift */,
				3FDC9131269EC5700021D3E3 /* MenuModel.swift */,
			);
			path = Menu;
			sourceTree = "<group>";
		};
		3FC8107D26A9388E0058D1CF /* Dialogue */ = {
			isa = PBXGroup;
			children = (
				3FC8108626A9776A0058D1CF /* Disincentive */,
				3FC8107E26A938D10058D1CF /* FocusDialogueViewC.swift */,
				3FC8107F26A938D10058D1CF /* FocusDialogueViewC.xib */,
				3FC8108426A939780058D1CF /* FocusDialogueViewModel.swift */,
				3FC8108226A939520058D1CF /* FocusDialogueModel .swift */,
			);
			path = Dialogue;
			sourceTree = "<group>";
		};
		3FC8108626A9776A0058D1CF /* Disincentive */ = {
			isa = PBXGroup;
			children = (
				3FC8108726A977BD0058D1CF /* DisincentiveViewC.swift */,
				3FC8108826A977BD0058D1CF /* DisincentiveViewC.xib */,
			);
			path = Disincentive;
			sourceTree = "<group>";
		};
		3FD0CA5C2681FB4A00C9D82D /* Handler */ = {
			isa = PBXGroup;
			children = (
				3FD0CA5D2681FB6500C9D82D /* ErrorHandler.swift */,
			);
			path = Handler;
			sourceTree = "<group>";
		};
		3FD0CA5F2682080F00C9D82D /* BaseControllers */ = {
			isa = PBXGroup;
			children = (
				3FD0CA602682083200C9D82D /* BaseViewController.swift */,
				3F8A8AFF268C53FD007A36DC /* WindowController.swift */,
			);
			path = BaseControllers;
			sourceTree = "<group>";
		};
		3FFC1E4A2680C13D0014216C /* Shared */ = {
			isa = PBXGroup;
			children = (
				3F5944B82689F957008C54A4 /* Database */,
				3F1F265026845B06007D9878 /* ControllerAnimation */,
				3FD0CA5F2682080F00C9D82D /* BaseControllers */,
				3FD0CA5C2681FB4A00C9D82D /* Handler */,
				3FFC1E4B2680C13D0014216C /* Manager */,
				3FFC1E4D2680C13D0014216C /* Constant */,
				3FFC1E5E2680C13D0014216C /* Customize */,
			);
			path = Shared;
			sourceTree = "<group>";
		};
		3FFC1E4B2680C13D0014216C /* Manager */ = {
			isa = PBXGroup;
			children = (
				3F5944B52689F8E2008C54A4 /* DBManager */,
				3FFC1E4C2680C13D0014216C /* WindowsManager.swift */,
			);
			path = Manager;
			sourceTree = "<group>";
		};
		3FFC1E4D2680C13D0014216C /* Constant */ = {
			isa = PBXGroup;
			children = (
				3FFC1E522680C13D0014216C /* UserDefault.swift */,
				3FFC1E552680C13D0014216C /* Enums.swift */,
				3FFC1E562680C13D0014216C /* Validator.swift */,
				3FFC1E582680C13D0014216C /* Config.swift */,
				3FFC1E5A2680C13D0014216C /* Operators.swift */,
				3FFC1E5B2680C13D0014216C /* Protocols.swift */,
				3FDC9133269F1C330021D3E3 /* Extension.swift */,
				3F78DA0826AADAFA000BA6FC /* Color.swift */,
			);
			path = Constant;
			sourceTree = "<group>";
		};
		3FFC1E5E2680C13D0014216C /* Customize */ = {
			isa = PBXGroup;
			children = (
				3F9CC49A268B296400AC3026 /* CollapseExpandView.swift */,
				3FFC1E5F2680C13D0014216C /* CustomButtom.swift */,
				3F9111F0268DBD0D00706B51 /* HKNibView.swift */,
			);
			path = Customize;
			sourceTree = "<group>";
		};
/* End PBXGroup section */

/* Begin PBXNativeTarget section */
		3F44CFCD2679FAAA00122B1B /* Focus */ = {
			isa = PBXNativeTarget;
			buildConfigurationList = 3F44CFDE2679FAAD00122B1B /* Build configuration list for PBXNativeTarget "Focus" */;
			buildPhases = (
				3F44CFCA2679FAAA00122B1B /* Sources */,
				3F44CFCB2679FAAA00122B1B /* Frameworks */,
				3F44CFCC2679FAAA00122B1B /* Resources */,
			);
			buildRules = (
			);
			dependencies = (
			);
			name = Focus;
			packageProductDependencies = (
			);
			productName = Focus;
			productReference = 3F44CFCE2679FAAA00122B1B /* Focus.app */;
			productType = "com.apple.product-type.application";
		};
/* End PBXNativeTarget section */

/* Begin PBXProject section */
		3F44CFC62679FAAA00122B1B /* Project object */ = {
			isa = PBXProject;
			attributes = {
				LastSwiftUpdateCheck = 1250;
				LastUpgradeCheck = 1250;
				ORGANIZATIONNAME = "Raising the Floor";
				TargetAttributes = {
					3F44CFCD2679FAAA00122B1B = {
						CreatedOnToolsVersion = 12.5;
					};
				};
			};
			buildConfigurationList = 3F44CFC92679FAAA00122B1B /* Build configuration list for PBXProject "Focus" */;
			compatibilityVersion = "Xcode 9.3";
			developmentRegion = en;
			hasScannedForEncodings = 0;
			knownRegions = (
				en,
				Base,
			);
			mainGroup = 3F44CFC52679FAAA00122B1B;
			packageReferences = (
			);
			productRefGroup = 3F44CFCF2679FAAA00122B1B /* Products */;
			projectDirPath = "";
			projectRoot = "";
			targets = (
				3F44CFCD2679FAAA00122B1B /* Focus */,
			);
		};
/* End PBXProject section */

/* Begin PBXResourcesBuildPhase section */
		3F44CFCC2679FAAA00122B1B /* Resources */ = {
			isa = PBXResourcesBuildPhase;
			buildActionMask = 2147483647;
			files = (
				3F3C5FFC26A187560022C43F /* OverrideBlockListVC.xib in Resources */,
				3F4DFA3C26835EB30013BA0C /* CustomSetting.storyboard in Resources */,
				3FC8108126A938D10058D1CF /* FocusDialogueViewC.xib in Resources */,
				3F9CC49D268B2BE800AC3026 /* HeaderView.storyboard in Resources */,
				3FA51D4D267CB720007826F3 /* Main.storyboard in Resources */,
				3FC8108A26A977BD0058D1CF /* DisincentiveViewC.xib in Resources */,
				3FA51D48267CA9F0007826F3 /* Localizable.strings in Resources */,
				3FDC9136269F1E850021D3E3 /* Color.xcassets in Resources */,
				3F9111EF268DB68700706B51 /* TableHeaderView.xib in Resources */,
				3F44CFD62679FAAD00122B1B /* Assets.xcassets in Resources */,
			);
			runOnlyForDeploymentPostprocessing = 0;
		};
/* End PBXResourcesBuildPhase section */

/* Begin PBXSourcesBuildPhase section */
		3F44CFCA2679FAAA00122B1B /* Sources */ = {
			isa = PBXSourcesBuildPhase;
			buildActionMask = 2147483647;
			files = (
				3FC8108026A938D10058D1CF /* FocusDialogueViewC.swift in Sources */,
				3FFC1E652680C13D0014216C /* UserDefault.swift in Sources */,
				3F4C3358269D56AD0016F5E1 /* GeneralSettingModel.swift in Sources */,
				3FFC1E602680C13D0014216C /* WindowsManager.swift in Sources */,
				3F9CC4A3268B3C8F00AC3026 /* GeneralSettingViewC.swift in Sources */,
				3FFC1E712680C13D0014216C /* CustomButtom.swift in Sources */,
				3F9111EB268D985900706B51 /* BlockListViewModel.swift in Sources */,
				3FC8108926A977BD0058D1CF /* DisincentiveViewC.swift in Sources */,
				3FD0CA612682083200C9D82D /* BaseViewController.swift in Sources */,
				3FDC9130269EB78F0021D3E3 /* DataController.swift in Sources */,
				3F3C5FFB26A187560022C43F /* OverrideBlockListVC.swift in Sources */,
				3FC8108326A939520058D1CF /* FocusDialogueModel .swift in Sources */,
				3FA51D4F267CB74E007826F3 /* MenuController.swift in Sources */,
				3F78DA0926AADAFA000BA6FC /* Color.swift in Sources */,
				3F4E25E026B1541F0029D379 /* FloatingFocusViewC.swift in Sources */,
				3F4DFA3E26835EDF0013BA0C /* CustomSettingController.swift in Sources */,
				3F9111E9268D95A200706B51 /* CheckBoxCell.swift in Sources */,
				3F9111ED268DB38300706B51 /* TableHeaderView.swift in Sources */,
				3F4C335A269DBF350016F5E1 /* General_Setting.swift in Sources */,
				3FFC1E6B2680C13D0014216C /* Config.swift in Sources */,
				3F9111F3268DD78600706B51 /* ButtonCell.swift in Sources */,
				3FD0CA5B2681FAC800C9D82D /* MenuViewModel.swift in Sources */,
				3FDC9134269F1C330021D3E3 /* Extension.swift in Sources */,
				3F9CC49B268B296400AC3026 /* CollapseExpandView.swift in Sources */,
				3FDC9132269EC5700021D3E3 /* MenuModel.swift in Sources */,
				3FFC1E692680C13D0014216C /* Validator.swift in Sources */,
				3F5944BB2689F970008C54A4 /* Focus.xcdatamodeld in Sources */,
				3F9CC4A6268B3D5800AC3026 /* BlockListViewC.swift in Sources */,
				3F6D0BDA26984D5F002E6711 /* ComboBoxCell.swift in Sources */,
				3F8A8B00268C53FD007A36DC /* WindowController.swift in Sources */,
				3F9111F1268DBD0D00706B51 /* HKNibView.swift in Sources */,
				3FFC1E6D2680C13D0014216C /* Operators.swift in Sources */,
				3F9CC499268B0CB100AC3026 /* CustomSettingModel.swift in Sources */,
				3F3C5FF726A17F6D0022C43F /* DBManagerModel.swift in Sources */,
				3F3C5FFE26A1919C0022C43F /* BlockModel.swift in Sources */,
				3F9CC4A9268B3DA000AC3026 /* SchedulerViewC.swift in Sources */,
				3F44CFD22679FAAA00122B1B /* AppDelegate.swift in Sources */,
				3F5944B72689F8F4008C54A4 /* DBManager.swift in Sources */,
				3F9CC4A0268B2C9B00AC3026 /* HeaderViewC.swift in Sources */,
				3FD0CA5E2681FB6500C9D82D /* ErrorHandler.swift in Sources */,
				3FFC1E6E2680C13D0014216C /* Protocols.swift in Sources */,
				3FFC1E682680C13D0014216C /* Enums.swift in Sources */,
				3FC8108526A939780058D1CF /* FocusDialogueViewModel.swift in Sources */,
				3F6D0BD6269818F9002E6711 /* LabelCell.swift in Sources */,
				3F1F265226845B3B007D9878 /* ViewShowAnimator.swift in Sources */,
			);
			runOnlyForDeploymentPostprocessing = 0;
		};
/* End PBXSourcesBuildPhase section */

/* Begin PBXVariantGroup section */
		3FA51D4B267CB720007826F3 /* Main.storyboard */ = {
			isa = PBXVariantGroup;
			children = (
				3FA51D4C267CB720007826F3 /* Base */,
			);
			name = Main.storyboard;
			sourceTree = "<group>";
		};
/* End PBXVariantGroup section */

/* Begin XCBuildConfiguration section */
		3F44CFDC2679FAAD00122B1B /* Debug */ = {
			isa = XCBuildConfiguration;
			buildSettings = {
				ALWAYS_SEARCH_USER_PATHS = NO;
				CLANG_ANALYZER_NONNULL = YES;
				CLANG_ANALYZER_NUMBER_OBJECT_CONVERSION = YES_AGGRESSIVE;
				CLANG_CXX_LANGUAGE_STANDARD = "gnu++14";
				CLANG_CXX_LIBRARY = "libc++";
				CLANG_ENABLE_MODULES = YES;
				CLANG_ENABLE_OBJC_ARC = YES;
				CLANG_ENABLE_OBJC_WEAK = YES;
				CLANG_WARN_BLOCK_CAPTURE_AUTORELEASING = YES;
				CLANG_WARN_BOOL_CONVERSION = YES;
				CLANG_WARN_COMMA = YES;
				CLANG_WARN_CONSTANT_CONVERSION = YES;
				CLANG_WARN_DEPRECATED_OBJC_IMPLEMENTATIONS = YES;
				CLANG_WARN_DIRECT_OBJC_ISA_USAGE = YES_ERROR;
				CLANG_WARN_DOCUMENTATION_COMMENTS = YES;
				CLANG_WARN_EMPTY_BODY = YES;
				CLANG_WARN_ENUM_CONVERSION = YES;
				CLANG_WARN_INFINITE_RECURSION = YES;
				CLANG_WARN_INT_CONVERSION = YES;
				CLANG_WARN_NON_LITERAL_NULL_CONVERSION = YES;
				CLANG_WARN_OBJC_IMPLICIT_RETAIN_SELF = YES;
				CLANG_WARN_OBJC_LITERAL_CONVERSION = YES;
				CLANG_WARN_OBJC_ROOT_CLASS = YES_ERROR;
				CLANG_WARN_QUOTED_INCLUDE_IN_FRAMEWORK_HEADER = YES;
				CLANG_WARN_RANGE_LOOP_ANALYSIS = YES;
				CLANG_WARN_STRICT_PROTOTYPES = YES;
				CLANG_WARN_SUSPICIOUS_MOVE = YES;
				CLANG_WARN_UNGUARDED_AVAILABILITY = YES_AGGRESSIVE;
				CLANG_WARN_UNREACHABLE_CODE = YES;
				CLANG_WARN__DUPLICATE_METHOD_MATCH = YES;
				COPY_PHASE_STRIP = NO;
				DEBUG_INFORMATION_FORMAT = dwarf;
				ENABLE_STRICT_OBJC_MSGSEND = YES;
				ENABLE_TESTABILITY = YES;
				GCC_C_LANGUAGE_STANDARD = gnu11;
				GCC_DYNAMIC_NO_PIC = NO;
				GCC_NO_COMMON_BLOCKS = YES;
				GCC_OPTIMIZATION_LEVEL = 0;
				GCC_PREPROCESSOR_DEFINITIONS = (
					"DEBUG=1",
					"$(inherited)",
				);
				GCC_WARN_64_TO_32_BIT_CONVERSION = YES;
				GCC_WARN_ABOUT_RETURN_TYPE = YES_ERROR;
				GCC_WARN_UNDECLARED_SELECTOR = YES;
				GCC_WARN_UNINITIALIZED_AUTOS = YES_AGGRESSIVE;
				GCC_WARN_UNUSED_FUNCTION = YES;
				GCC_WARN_UNUSED_VARIABLE = YES;
				MACOSX_DEPLOYMENT_TARGET = 11.3;
				MTL_ENABLE_DEBUG_INFO = INCLUDE_SOURCE;
				MTL_FAST_MATH = YES;
				ONLY_ACTIVE_ARCH = YES;
				SDKROOT = macosx;
				SWIFT_ACTIVE_COMPILATION_CONDITIONS = DEBUG;
				SWIFT_OPTIMIZATION_LEVEL = "-Onone";
			};
			name = Debug;
		};
		3F44CFDD2679FAAD00122B1B /* Release */ = {
			isa = XCBuildConfiguration;
			buildSettings = {
				ALWAYS_SEARCH_USER_PATHS = NO;
				CLANG_ANALYZER_NONNULL = YES;
				CLANG_ANALYZER_NUMBER_OBJECT_CONVERSION = YES_AGGRESSIVE;
				CLANG_CXX_LANGUAGE_STANDARD = "gnu++14";
				CLANG_CXX_LIBRARY = "libc++";
				CLANG_ENABLE_MODULES = YES;
				CLANG_ENABLE_OBJC_ARC = YES;
				CLANG_ENABLE_OBJC_WEAK = YES;
				CLANG_WARN_BLOCK_CAPTURE_AUTORELEASING = YES;
				CLANG_WARN_BOOL_CONVERSION = YES;
				CLANG_WARN_COMMA = YES;
				CLANG_WARN_CONSTANT_CONVERSION = YES;
				CLANG_WARN_DEPRECATED_OBJC_IMPLEMENTATIONS = YES;
				CLANG_WARN_DIRECT_OBJC_ISA_USAGE = YES_ERROR;
				CLANG_WARN_DOCUMENTATION_COMMENTS = YES;
				CLANG_WARN_EMPTY_BODY = YES;
				CLANG_WARN_ENUM_CONVERSION = YES;
				CLANG_WARN_INFINITE_RECURSION = YES;
				CLANG_WARN_INT_CONVERSION = YES;
				CLANG_WARN_NON_LITERAL_NULL_CONVERSION = YES;
				CLANG_WARN_OBJC_IMPLICIT_RETAIN_SELF = YES;
				CLANG_WARN_OBJC_LITERAL_CONVERSION = YES;
				CLANG_WARN_OBJC_ROOT_CLASS = YES_ERROR;
				CLANG_WARN_QUOTED_INCLUDE_IN_FRAMEWORK_HEADER = YES;
				CLANG_WARN_RANGE_LOOP_ANALYSIS = YES;
				CLANG_WARN_STRICT_PROTOTYPES = YES;
				CLANG_WARN_SUSPICIOUS_MOVE = YES;
				CLANG_WARN_UNGUARDED_AVAILABILITY = YES_AGGRESSIVE;
				CLANG_WARN_UNREACHABLE_CODE = YES;
				CLANG_WARN__DUPLICATE_METHOD_MATCH = YES;
				COPY_PHASE_STRIP = NO;
				DEBUG_INFORMATION_FORMAT = "dwarf-with-dsym";
				ENABLE_NS_ASSERTIONS = NO;
				ENABLE_STRICT_OBJC_MSGSEND = YES;
				GCC_C_LANGUAGE_STANDARD = gnu11;
				GCC_NO_COMMON_BLOCKS = YES;
				GCC_WARN_64_TO_32_BIT_CONVERSION = YES;
				GCC_WARN_ABOUT_RETURN_TYPE = YES_ERROR;
				GCC_WARN_UNDECLARED_SELECTOR = YES;
				GCC_WARN_UNINITIALIZED_AUTOS = YES_AGGRESSIVE;
				GCC_WARN_UNUSED_FUNCTION = YES;
				GCC_WARN_UNUSED_VARIABLE = YES;
				MACOSX_DEPLOYMENT_TARGET = 11.3;
				MTL_ENABLE_DEBUG_INFO = NO;
				MTL_FAST_MATH = YES;
				SDKROOT = macosx;
				SWIFT_COMPILATION_MODE = wholemodule;
				SWIFT_OPTIMIZATION_LEVEL = "-O";
			};
			name = Release;
		};
		3F44CFDF2679FAAD00122B1B /* Debug */ = {
			isa = XCBuildConfiguration;
			buildSettings = {
				ASSETCATALOG_COMPILER_APPICON_NAME = AppIcon;
				ASSETCATALOG_COMPILER_GLOBAL_ACCENT_COLOR_NAME = AccentColor;
				CODE_SIGN_ENTITLEMENTS = Focus/Focus.entitlements;
				CODE_SIGN_IDENTITY = "-";
				CODE_SIGN_STYLE = Manual;
				COMBINE_HIDPI_IMAGES = YES;
				DEVELOPMENT_TEAM = "";
				ENABLE_HARDENED_RUNTIME = YES;
				INFOPLIST_FILE = Focus/Info.plist;
				LD_RUNPATH_SEARCH_PATHS = (
					"$(inherited)",
					"@executable_path/../Frameworks",
				);
				MACOSX_DEPLOYMENT_TARGET = 10.14;
				PRODUCT_BUNDLE_IDENTIFIER = Plenartech.Focus;
				PRODUCT_NAME = "$(TARGET_NAME)";
				PROVISIONING_PROFILE_SPECIFIER = "";
				SWIFT_VERSION = 5.0;
			};
			name = Debug;
		};
		3F44CFE02679FAAD00122B1B /* Release */ = {
			isa = XCBuildConfiguration;
			buildSettings = {
				ASSETCATALOG_COMPILER_APPICON_NAME = AppIcon;
				ASSETCATALOG_COMPILER_GLOBAL_ACCENT_COLOR_NAME = AccentColor;
				CODE_SIGN_ENTITLEMENTS = Focus/Focus.entitlements;
				CODE_SIGN_IDENTITY = "-";
				CODE_SIGN_STYLE = Manual;
				COMBINE_HIDPI_IMAGES = YES;
				DEVELOPMENT_TEAM = "";
				ENABLE_HARDENED_RUNTIME = YES;
				INFOPLIST_FILE = Focus/Info.plist;
				LD_RUNPATH_SEARCH_PATHS = (
					"$(inherited)",
					"@executable_path/../Frameworks",
				);
				MACOSX_DEPLOYMENT_TARGET = 10.14;
				PRODUCT_BUNDLE_IDENTIFIER = Plenartech.Focus;
				PRODUCT_NAME = "$(TARGET_NAME)";
				PROVISIONING_PROFILE_SPECIFIER = "";
				SWIFT_VERSION = 5.0;
			};
			name = Release;
		};
/* End XCBuildConfiguration section */

/* Begin XCConfigurationList section */
		3F44CFC92679FAAA00122B1B /* Build configuration list for PBXProject "Focus" */ = {
			isa = XCConfigurationList;
			buildConfigurations = (
				3F44CFDC2679FAAD00122B1B /* Debug */,
				3F44CFDD2679FAAD00122B1B /* Release */,
			);
			defaultConfigurationIsVisible = 0;
			defaultConfigurationName = Release;
		};
		3F44CFDE2679FAAD00122B1B /* Build configuration list for PBXNativeTarget "Focus" */ = {
			isa = XCConfigurationList;
			buildConfigurations = (
				3F44CFDF2679FAAD00122B1B /* Debug */,
				3F44CFE02679FAAD00122B1B /* Release */,
			);
			defaultConfigurationIsVisible = 0;
			defaultConfigurationName = Release;
		};
/* End XCConfigurationList section */

/* Begin XCVersionGroup section */
		3F5944B92689F970008C54A4 /* Focus.xcdatamodeld */ = {
			isa = XCVersionGroup;
			children = (
				3F5944BA2689F970008C54A4 /* Focus.xcdatamodel */,
			);
			currentVersion = 3F5944BA2689F970008C54A4 /* Focus.xcdatamodel */;
			path = Focus.xcdatamodeld;
			sourceTree = "<group>";
			versionGroupType = wrapper.xcdatamodel;
		};
/* End XCVersionGroup section */
	};
	rootObject = 3F44CFC62679FAAA00122B1B /* Project object */;
}
